// !$*UTF8*$!
{
	archiveVersion = 1;
	classes = {
	};
	objectVersion = 46;
	objects = {

/* Begin PBXBuildFile section */
		BA39B0391FA69AB0008CD81B /* KeyShading.png in Resources */ = {isa = PBXBuildFile; fileRef = BA39B0381FA69AB0008CD81B /* KeyShading.png */; };
		BA39B03B1FA92C5F008CD81B /* space.png in Resources */ = {isa = PBXBuildFile; fileRef = BA39B03A1FA92C5E008CD81B /* space.png */; };
		BA39B03D1FAA95B7008CD81B /* shootingStars.sks in Resources */ = {isa = PBXBuildFile; fileRef = BA39B03C1FAA95B7008CD81B /* shootingStars.sks */; };
		BA5D50E21FA50F7A008E059C /* A#6.wav in Resources */ = {isa = PBXBuildFile; fileRef = BA5D50D61FA50F7A008E059C /* A#6.wav */; };
		BA5D50E31FA50F7A008E059C /* A6.wav in Resources */ = {isa = PBXBuildFile; fileRef = BA5D50D71FA50F7A008E059C /* A6.wav */; };
		BA5D50E41FA50F7A008E059C /* B6.wav in Resources */ = {isa = PBXBuildFile; fileRef = BA5D50D81FA50F7A008E059C /* B6.wav */; };
		BA5D50E51FA50F7A008E059C /* C#6.wav in Resources */ = {isa = PBXBuildFile; fileRef = BA5D50D91FA50F7A008E059C /* C#6.wav */; };
		BA5D50E61FA50F7A008E059C /* C6.wav in Resources */ = {isa = PBXBuildFile; fileRef = BA5D50DA1FA50F7A008E059C /* C6.wav */; };
		BA5D50E71FA50F7A008E059C /* D#6.wav in Resources */ = {isa = PBXBuildFile; fileRef = BA5D50DB1FA50F7A008E059C /* D#6.wav */; };
		BA5D50E81FA50F7A008E059C /* D6.wav in Resources */ = {isa = PBXBuildFile; fileRef = BA5D50DC1FA50F7A008E059C /* D6.wav */; };
		BA5D50E91FA50F7A008E059C /* E6.wav in Resources */ = {isa = PBXBuildFile; fileRef = BA5D50DD1FA50F7A008E059C /* E6.wav */; };
		BA5D50EA1FA50F7A008E059C /* F#6.wav in Resources */ = {isa = PBXBuildFile; fileRef = BA5D50DE1FA50F7A008E059C /* F#6.wav */; };
		BA5D50EB1FA50F7A008E059C /* F6.wav in Resources */ = {isa = PBXBuildFile; fileRef = BA5D50DF1FA50F7A008E059C /* F6.wav */; };
		BA5D50EC1FA50F7A008E059C /* G#6.wav in Resources */ = {isa = PBXBuildFile; fileRef = BA5D50E01FA50F7A008E059C /* G#6.wav */; };
		BA5D50ED1FA50F7A008E059C /* G6.wav in Resources */ = {isa = PBXBuildFile; fileRef = BA5D50E11FA50F7A008E059C /* G6.wav */; };
		BA5D50EF1FA55093008E059C /* sphere.png in Resources */ = {isa = PBXBuildFile; fileRef = BA5D50EE1FA55093008E059C /* sphere.png */; };
		BA61C8171F9EB24F00E7C501 /* PianoScene.swift in Sources */ = {isa = PBXBuildFile; fileRef = BA61C8161F9EB24F00E7C501 /* PianoScene.swift */; };
		BADAE0B61F8317FC00DAB4D4 /* AppDelegate.swift in Sources */ = {isa = PBXBuildFile; fileRef = BADAE0B51F8317FC00DAB4D4 /* AppDelegate.swift */; };
		BADAE0BC1F8317FC00DAB4D4 /* GameScene.swift in Sources */ = {isa = PBXBuildFile; fileRef = BADAE0BB1F8317FC00DAB4D4 /* GameScene.swift */; };
		BADAE0BE1F8317FC00DAB4D4 /* GameViewController.swift in Sources */ = {isa = PBXBuildFile; fileRef = BADAE0BD1F8317FC00DAB4D4 /* GameViewController.swift */; };
		BADAE0C11F8317FC00DAB4D4 /* Main.storyboard in Resources */ = {isa = PBXBuildFile; fileRef = BADAE0BF1F8317FC00DAB4D4 /* Main.storyboard */; };
		BADAE0C31F8317FC00DAB4D4 /* Assets.xcassets in Resources */ = {isa = PBXBuildFile; fileRef = BADAE0C21F8317FC00DAB4D4 /* Assets.xcassets */; };
		BADAE0C61F8317FC00DAB4D4 /* LaunchScreen.storyboard in Resources */ = {isa = PBXBuildFile; fileRef = BADAE0C41F8317FC00DAB4D4 /* LaunchScreen.storyboard */; };
		BADAE0D11F8317FC00DAB4D4 /* piano_scrollTests.swift in Sources */ = {isa = PBXBuildFile; fileRef = BADAE0D01F8317FC00DAB4D4 /* piano_scrollTests.swift */; };
		BADAE0DC1F8317FD00DAB4D4 /* piano_scrollUITests.swift in Sources */ = {isa = PBXBuildFile; fileRef = BADAE0DB1F8317FD00DAB4D4 /* piano_scrollUITests.swift */; };
/* End PBXBuildFile section */

/* Begin PBXContainerItemProxy section */
		BADAE0CD1F8317FC00DAB4D4 /* PBXContainerItemProxy */ = {
			isa = PBXContainerItemProxy;
			containerPortal = BADAE0AA1F8317FC00DAB4D4 /* Project object */;
			proxyType = 1;
			remoteGlobalIDString = BADAE0B11F8317FC00DAB4D4;
			remoteInfo = piano_scroll;
		};
		BADAE0D81F8317FD00DAB4D4 /* PBXContainerItemProxy */ = {
			isa = PBXContainerItemProxy;
			containerPortal = BADAE0AA1F8317FC00DAB4D4 /* Project object */;
			proxyType = 1;
			remoteGlobalIDString = BADAE0B11F8317FC00DAB4D4;
			remoteInfo = piano_scroll;
		};
/* End PBXContainerItemProxy section */

/* Begin PBXFileReference section */
		BA39B0381FA69AB0008CD81B /* KeyShading.png */ = {isa = PBXFileReference; lastKnownFileType = image.png; path = KeyShading.png; sourceTree = "<group>"; };
		BA39B03A1FA92C5E008CD81B /* space.png */ = {isa = PBXFileReference; lastKnownFileType = image.png; path = space.png; sourceTree = "<group>"; };
		BA39B03C1FAA95B7008CD81B /* shootingStars.sks */ = {isa = PBXFileReference; lastKnownFileType = file.sks; path = shootingStars.sks; sourceTree = "<group>"; };
		BA5D50D61FA50F7A008E059C /* A#6.wav */ = {isa = PBXFileReference; lastKnownFileType = audio.wav; path = "A#6.wav"; sourceTree = "<group>"; };
		BA5D50D71FA50F7A008E059C /* A6.wav */ = {isa = PBXFileReference; lastKnownFileType = audio.wav; path = A6.wav; sourceTree = "<group>"; };
		BA5D50D81FA50F7A008E059C /* B6.wav */ = {isa = PBXFileReference; lastKnownFileType = audio.wav; path = B6.wav; sourceTree = "<group>"; };
		BA5D50D91FA50F7A008E059C /* C#6.wav */ = {isa = PBXFileReference; lastKnownFileType = audio.wav; path = "C#6.wav"; sourceTree = "<group>"; };
		BA5D50DA1FA50F7A008E059C /* C6.wav */ = {isa = PBXFileReference; lastKnownFileType = audio.wav; path = C6.wav; sourceTree = "<group>"; };
		BA5D50DB1FA50F7A008E059C /* D#6.wav */ = {isa = PBXFileReference; lastKnownFileType = audio.wav; path = "D#6.wav"; sourceTree = "<group>"; };
		BA5D50DC1FA50F7A008E059C /* D6.wav */ = {isa = PBXFileReference; lastKnownFileType = audio.wav; path = D6.wav; sourceTree = "<group>"; };
		BA5D50DD1FA50F7A008E059C /* E6.wav */ = {isa = PBXFileReference; lastKnownFileType = audio.wav; path = E6.wav; sourceTree = "<group>"; };
		BA5D50DE1FA50F7A008E059C /* F#6.wav */ = {isa = PBXFileReference; lastKnownFileType = audio.wav; path = "F#6.wav"; sourceTree = "<group>"; };
		BA5D50DF1FA50F7A008E059C /* F6.wav */ = {isa = PBXFileReference; lastKnownFileType = audio.wav; path = F6.wav; sourceTree = "<group>"; };
		BA5D50E01FA50F7A008E059C /* G#6.wav */ = {isa = PBXFileReference; lastKnownFileType = audio.wav; path = "G#6.wav"; sourceTree = "<group>"; };
		BA5D50E11FA50F7A008E059C /* G6.wav */ = {isa = PBXFileReference; lastKnownFileType = audio.wav; path = G6.wav; sourceTree = "<group>"; };
		BA5D50EE1FA55093008E059C /* sphere.png */ = {isa = PBXFileReference; lastKnownFileType = image.png; name = sphere.png; path = Assets.xcassets/sphere.png; sourceTree = "<group>"; };
		BA61C8161F9EB24F00E7C501 /* PianoScene.swift */ = {isa = PBXFileReference; fileEncoding = 4; lastKnownFileType = sourcecode.swift; path = PianoScene.swift; sourceTree = "<group>"; };
		BADAE0B21F8317FC00DAB4D4 /* piano_scroll.app */ = {isa = PBXFileReference; explicitFileType = wrapper.application; includeInIndex = 0; path = piano_scroll.app; sourceTree = BUILT_PRODUCTS_DIR; };
		BADAE0B51F8317FC00DAB4D4 /* AppDelegate.swift */ = {isa = PBXFileReference; lastKnownFileType = sourcecode.swift; path = AppDelegate.swift; sourceTree = "<group>"; };
		BADAE0BB1F8317FC00DAB4D4 /* GameScene.swift */ = {isa = PBXFileReference; lastKnownFileType = sourcecode.swift; path = GameScene.swift; sourceTree = "<group>"; };
		BADAE0BD1F8317FC00DAB4D4 /* GameViewController.swift */ = {isa = PBXFileReference; lastKnownFileType = sourcecode.swift; path = GameViewController.swift; sourceTree = "<group>"; };
		BADAE0C01F8317FC00DAB4D4 /* Base */ = {isa = PBXFileReference; lastKnownFileType = file.storyboard; name = Base; path = Base.lproj/Main.storyboard; sourceTree = "<group>"; };
		BADAE0C21F8317FC00DAB4D4 /* Assets.xcassets */ = {isa = PBXFileReference; explicitFileType = wrapper.application; path = Assets.xcassets; sourceTree = "<group>"; };
		BADAE0C51F8317FC00DAB4D4 /* Base */ = {isa = PBXFileReference; lastKnownFileType = file.storyboard; name = Base; path = Base.lproj/LaunchScreen.storyboard; sourceTree = "<group>"; };
		BADAE0C71F8317FC00DAB4D4 /* Info.plist */ = {isa = PBXFileReference; lastKnownFileType = text.plist.xml; path = Info.plist; sourceTree = "<group>"; };
		BADAE0CC1F8317FC00DAB4D4 /* piano_scrollTests.xctest */ = {isa = PBXFileReference; explicitFileType = wrapper.cfbundle; includeInIndex = 0; path = piano_scrollTests.xctest; sourceTree = BUILT_PRODUCTS_DIR; };
		BADAE0D01F8317FC00DAB4D4 /* piano_scrollTests.swift */ = {isa = PBXFileReference; lastKnownFileType = sourcecode.swift; path = piano_scrollTests.swift; sourceTree = "<group>"; };
		BADAE0D21F8317FC00DAB4D4 /* Info.plist */ = {isa = PBXFileReference; lastKnownFileType = text.plist.xml; path = Info.plist; sourceTree = "<group>"; };
		BADAE0D71F8317FD00DAB4D4 /* piano_scrollUITests.xctest */ = {isa = PBXFileReference; explicitFileType = wrapper.cfbundle; includeInIndex = 0; path = piano_scrollUITests.xctest; sourceTree = BUILT_PRODUCTS_DIR; };
		BADAE0DB1F8317FD00DAB4D4 /* piano_scrollUITests.swift */ = {isa = PBXFileReference; lastKnownFileType = sourcecode.swift; path = piano_scrollUITests.swift; sourceTree = "<group>"; };
		BADAE0DD1F8317FD00DAB4D4 /* Info.plist */ = {isa = PBXFileReference; lastKnownFileType = text.plist.xml; path = Info.plist; sourceTree = "<group>"; };
/* End PBXFileReference section */

/* Begin PBXFrameworksBuildPhase section */
		BADAE0AF1F8317FC00DAB4D4 /* Frameworks */ = {
			isa = PBXFrameworksBuildPhase;
			buildActionMask = 2147483647;
			files = (
			);
			runOnlyForDeploymentPostprocessing = 0;
		};
		BADAE0C91F8317FC00DAB4D4 /* Frameworks */ = {
			isa = PBXFrameworksBuildPhase;
			buildActionMask = 2147483647;
			files = (
			);
			runOnlyForDeploymentPostprocessing = 0;
		};
		BADAE0D41F8317FD00DAB4D4 /* Frameworks */ = {
			isa = PBXFrameworksBuildPhase;
			buildActionMask = 2147483647;
			files = (
			);
			runOnlyForDeploymentPostprocessing = 0;
		};
/* End PBXFrameworksBuildPhase section */

/* Begin PBXGroup section */
		BA5D50D31FA50199008E059C /* Sounds */ = {
			isa = PBXGroup;
			children = (
				BA5D50EE1FA55093008E059C /* sphere.png */,
				BA39B03A1FA92C5E008CD81B /* space.png */,
				BA39B0381FA69AB0008CD81B /* KeyShading.png */,
				BA5D50D61FA50F7A008E059C /* A#6.wav */,
				BA5D50D71FA50F7A008E059C /* A6.wav */,
				BA5D50D81FA50F7A008E059C /* B6.wav */,
				BA5D50D91FA50F7A008E059C /* C#6.wav */,
				BA5D50DA1FA50F7A008E059C /* C6.wav */,
				BA5D50DB1FA50F7A008E059C /* D#6.wav */,
				BA5D50DC1FA50F7A008E059C /* D6.wav */,
				BA5D50DD1FA50F7A008E059C /* E6.wav */,
				BA5D50DE1FA50F7A008E059C /* F#6.wav */,
				BA5D50DF1FA50F7A008E059C /* F6.wav */,
				BA5D50E01FA50F7A008E059C /* G#6.wav */,
				BA5D50E11FA50F7A008E059C /* G6.wav */,
			);
			name = Sounds;
			sourceTree = "<group>";
		};
		BADAE0A91F8317FC00DAB4D4 = {
			isa = PBXGroup;
			children = (
				BADAE0B41F8317FC00DAB4D4 /* piano_scroll */,
				BADAE0CF1F8317FC00DAB4D4 /* piano_scrollTests */,
				BADAE0DA1F8317FD00DAB4D4 /* piano_scrollUITests */,
				BADAE0B31F8317FC00DAB4D4 /* Products */,
			);
			sourceTree = "<group>";
		};
		BADAE0B31F8317FC00DAB4D4 /* Products */ = {
			isa = PBXGroup;
			children = (
				BADAE0B21F8317FC00DAB4D4 /* piano_scroll.app */,
				BADAE0CC1F8317FC00DAB4D4 /* piano_scrollTests.xctest */,
				BADAE0D71F8317FD00DAB4D4 /* piano_scrollUITests.xctest */,
			);
			name = Products;
			sourceTree = "<group>";
		};
		BADAE0B41F8317FC00DAB4D4 /* piano_scroll */ = {
			isa = PBXGroup;
			children = (
				BADAE0B51F8317FC00DAB4D4 /* AppDelegate.swift */,
				BADAE0BB1F8317FC00DAB4D4 /* GameScene.swift */,
				BA61C8161F9EB24F00E7C501 /* PianoScene.swift */,
				BA39B03C1FAA95B7008CD81B /* shootingStars.sks */,
				BADAE0BD1F8317FC00DAB4D4 /* GameViewController.swift */,
				BADAE0BF1F8317FC00DAB4D4 /* Main.storyboard */,
				BADAE0C21F8317FC00DAB4D4 /* Assets.xcassets */,
				BA5D50D31FA50199008E059C /* Sounds */,
				BADAE0C41F8317FC00DAB4D4 /* LaunchScreen.storyboard */,
				BADAE0C71F8317FC00DAB4D4 /* Info.plist */,
			);
			path = piano_scroll;
			sourceTree = "<group>";
		};
		BADAE0CF1F8317FC00DAB4D4 /* piano_scrollTests */ = {
			isa = PBXGroup;
			children = (
				BADAE0D01F8317FC00DAB4D4 /* piano_scrollTests.swift */,
				BADAE0D21F8317FC00DAB4D4 /* Info.plist */,
			);
			path = piano_scrollTests;
			sourceTree = "<group>";
		};
		BADAE0DA1F8317FD00DAB4D4 /* piano_scrollUITests */ = {
			isa = PBXGroup;
			children = (
				BADAE0DB1F8317FD00DAB4D4 /* piano_scrollUITests.swift */,
				BADAE0DD1F8317FD00DAB4D4 /* Info.plist */,
			);
			path = piano_scrollUITests;
			sourceTree = "<group>";
		};
/* End PBXGroup section */

/* Begin PBXNativeTarget section */
		BADAE0B11F8317FC00DAB4D4 /* piano_scroll */ = {
			isa = PBXNativeTarget;
			buildConfigurationList = BADAE0E01F8317FD00DAB4D4 /* Build configuration list for PBXNativeTarget "piano_scroll" */;
			buildPhases = (
				BADAE0AE1F8317FC00DAB4D4 /* Sources */,
				BADAE0AF1F8317FC00DAB4D4 /* Frameworks */,
				BADAE0B01F8317FC00DAB4D4 /* Resources */,
			);
			buildRules = (
			);
			dependencies = (
			);
			name = piano_scroll;
			productName = piano_scroll;
			productReference = BADAE0B21F8317FC00DAB4D4 /* piano_scroll.app */;
			productType = "com.apple.product-type.application";
		};
		BADAE0CB1F8317FC00DAB4D4 /* piano_scrollTests */ = {
			isa = PBXNativeTarget;
			buildConfigurationList = BADAE0E31F8317FD00DAB4D4 /* Build configuration list for PBXNativeTarget "piano_scrollTests" */;
			buildPhases = (
				BADAE0C81F8317FC00DAB4D4 /* Sources */,
				BADAE0C91F8317FC00DAB4D4 /* Frameworks */,
				BADAE0CA1F8317FC00DAB4D4 /* Resources */,
			);
			buildRules = (
			);
			dependencies = (
				BADAE0CE1F8317FC00DAB4D4 /* PBXTargetDependency */,
			);
			name = piano_scrollTests;
			productName = piano_scrollTests;
			productReference = BADAE0CC1F8317FC00DAB4D4 /* piano_scrollTests.xctest */;
			productType = "com.apple.product-type.bundle.unit-test";
		};
		BADAE0D61F8317FD00DAB4D4 /* piano_scrollUITests */ = {
			isa = PBXNativeTarget;
			buildConfigurationList = BADAE0E61F8317FD00DAB4D4 /* Build configuration list for PBXNativeTarget "piano_scrollUITests" */;
			buildPhases = (
				BADAE0D31F8317FD00DAB4D4 /* Sources */,
				BADAE0D41F8317FD00DAB4D4 /* Frameworks */,
				BADAE0D51F8317FD00DAB4D4 /* Resources */,
			);
			buildRules = (
			);
			dependencies = (
				BADAE0D91F8317FD00DAB4D4 /* PBXTargetDependency */,
			);
			name = piano_scrollUITests;
			productName = piano_scrollUITests;
			productReference = BADAE0D71F8317FD00DAB4D4 /* piano_scrollUITests.xctest */;
			productType = "com.apple.product-type.bundle.ui-testing";
		};
/* End PBXNativeTarget section */

/* Begin PBXProject section */
		BADAE0AA1F8317FC00DAB4D4 /* Project object */ = {
			isa = PBXProject;
			attributes = {
				LastSwiftUpdateCheck = 0830;
				LastUpgradeCheck = 0830;
				ORGANIZATIONNAME = "Brennan Dowling";
				TargetAttributes = {
					BADAE0B11F8317FC00DAB4D4 = {
						CreatedOnToolsVersion = 8.3.3;
						ProvisioningStyle = Automatic;
					};
					BADAE0CB1F8317FC00DAB4D4 = {
						CreatedOnToolsVersion = 8.3.3;
						ProvisioningStyle = Automatic;
						TestTargetID = BADAE0B11F8317FC00DAB4D4;
					};
					BADAE0D61F8317FD00DAB4D4 = {
						CreatedOnToolsVersion = 8.3.3;
						ProvisioningStyle = Automatic;
						TestTargetID = BADAE0B11F8317FC00DAB4D4;
					};
				};
			};
			buildConfigurationList = BADAE0AD1F8317FC00DAB4D4 /* Build configuration list for PBXProject "piano_scroll" */;
			compatibilityVersion = "Xcode 3.2";
			developmentRegion = English;
			hasScannedForEncodings = 0;
			knownRegions = (
				en,
				Base,
			);
			mainGroup = BADAE0A91F8317FC00DAB4D4;
			productRefGroup = BADAE0B31F8317FC00DAB4D4 /* Products */;
			projectDirPath = "";
			projectRoot = "";
			targets = (
				BADAE0B11F8317FC00DAB4D4 /* piano_scroll */,
				BADAE0CB1F8317FC00DAB4D4 /* piano_scrollTests */,
				BADAE0D61F8317FD00DAB4D4 /* piano_scrollUITests */,
			);
		};
/* End PBXProject section */

/* Begin PBXResourcesBuildPhase section */
		BADAE0B01F8317FC00DAB4D4 /* Resources */ = {
			isa = PBXResourcesBuildPhase;
			buildActionMask = 2147483647;
			files = (
				BA5D50EB1FA50F7A008E059C /* F6.wav in Resources */,
				BA39B03D1FAA95B7008CD81B /* shootingStars.sks in Resources */,
				BA5D50E91FA50F7A008E059C /* E6.wav in Resources */,
				BA5D50E81FA50F7A008E059C /* D6.wav in Resources */,
				BA5D50EC1FA50F7A008E059C /* G#6.wav in Resources */,
				BA5D50EF1FA55093008E059C /* sphere.png in Resources */,
				BA5D50E31FA50F7A008E059C /* A6.wav in Resources */,
				BADAE0C11F8317FC00DAB4D4 /* Main.storyboard in Resources */,
				BA5D50E41FA50F7A008E059C /* B6.wav in Resources */,
				BA5D50E71FA50F7A008E059C /* D#6.wav in Resources */,
				BA5D50EA1FA50F7A008E059C /* F#6.wav in Resources */,
				BA39B03B1FA92C5F008CD81B /* space.png in Resources */,
				BA5D50E61FA50F7A008E059C /* C6.wav in Resources */,
				BA5D50ED1FA50F7A008E059C /* G6.wav in Resources */,
				BA5D50E21FA50F7A008E059C /* A#6.wav in Resources */,
				BADAE0C31F8317FC00DAB4D4 /* Assets.xcassets in Resources */,
				BA5D50E51FA50F7A008E059C /* C#6.wav in Resources */,
				BA39B0391FA69AB0008CD81B /* KeyShading.png in Resources */,
				BADAE0C61F8317FC00DAB4D4 /* LaunchScreen.storyboard in Resources */,
			);
			runOnlyForDeploymentPostprocessing = 0;
		};
		BADAE0CA1F8317FC00DAB4D4 /* Resources */ = {
			isa = PBXResourcesBuildPhase;
			buildActionMask = 2147483647;
			files = (
			);
			runOnlyForDeploymentPostprocessing = 0;
		};
		BADAE0D51F8317FD00DAB4D4 /* Resources */ = {
			isa = PBXResourcesBuildPhase;
			buildActionMask = 2147483647;
			files = (
			);
			runOnlyForDeploymentPostprocessing = 0;
		};
/* End PBXResourcesBuildPhase section */

/* Begin PBXSourcesBuildPhase section */
		BADAE0AE1F8317FC00DAB4D4 /* Sources */ = {
			isa = PBXSourcesBuildPhase;
			buildActionMask = 2147483647;
			files = (
				BA61C8171F9EB24F00E7C501 /* PianoScene.swift in Sources */,
				BADAE0BC1F8317FC00DAB4D4 /* GameScene.swift in Sources */,
				BADAE0BE1F8317FC00DAB4D4 /* GameViewController.swift in Sources */,
				BADAE0B61F8317FC00DAB4D4 /* AppDelegate.swift in Sources */,
			);
			runOnlyForDeploymentPostprocessing = 0;
		};
		BADAE0C81F8317FC00DAB4D4 /* Sources */ = {
			isa = PBXSourcesBuildPhase;
			buildActionMask = 2147483647;
			files = (
				BADAE0D11F8317FC00DAB4D4 /* piano_scrollTests.swift in Sources */,
			);
			runOnlyForDeploymentPostprocessing = 0;
		};
		BADAE0D31F8317FD00DAB4D4 /* Sources */ = {
			isa = PBXSourcesBuildPhase;
			buildActionMask = 2147483647;
			files = (
				BADAE0DC1F8317FD00DAB4D4 /* piano_scrollUITests.swift in Sources */,
			);
			runOnlyForDeploymentPostprocessing = 0;
		};
/* End PBXSourcesBuildPhase section */

/* Begin PBXTargetDependency section */
		BADAE0CE1F8317FC00DAB4D4 /* PBXTargetDependency */ = {
			isa = PBXTargetDependency;
			target = BADAE0B11F8317FC00DAB4D4 /* piano_scroll */;
			targetProxy = BADAE0CD1F8317FC00DAB4D4 /* PBXContainerItemProxy */;
		};
		BADAE0D91F8317FD00DAB4D4 /* PBXTargetDependency */ = {
			isa = PBXTargetDependency;
			target = BADAE0B11F8317FC00DAB4D4 /* piano_scroll */;
			targetProxy = BADAE0D81F8317FD00DAB4D4 /* PBXContainerItemProxy */;
		};
/* End PBXTargetDependency section */

/* Begin PBXVariantGroup section */
		BADAE0BF1F8317FC00DAB4D4 /* Main.storyboard */ = {
			isa = PBXVariantGroup;
			children = (
				BADAE0C01F8317FC00DAB4D4 /* Base */,
			);
			name = Main.storyboard;
			sourceTree = "<group>";
		};
		BADAE0C41F8317FC00DAB4D4 /* LaunchScreen.storyboard */ = {
			isa = PBXVariantGroup;
			children = (
				BADAE0C51F8317FC00DAB4D4 /* Base */,
			);
			name = LaunchScreen.storyboard;
			sourceTree = "<group>";
		};
/* End PBXVariantGroup section */

/* Begin XCBuildConfiguration section */
		BADAE0DE1F8317FD00DAB4D4 /* Debug */ = {
			isa = XCBuildConfiguration;
			buildSettings = {
				ALWAYS_SEARCH_USER_PATHS = NO;
				CLANG_ANALYZER_NONNULL = YES;
				CLANG_ANALYZER_NUMBER_OBJECT_CONVERSION = YES_AGGRESSIVE;
				CLANG_CXX_LANGUAGE_STANDARD = "gnu++0x";
				CLANG_CXX_LIBRARY = "libc++";
				CLANG_ENABLE_MODULES = YES;
				CLANG_ENABLE_OBJC_ARC = YES;
				CLANG_WARN_BOOL_CONVERSION = YES;
				CLANG_WARN_CONSTANT_CONVERSION = YES;
				CLANG_WARN_DIRECT_OBJC_ISA_USAGE = YES_ERROR;
				CLANG_WARN_DOCUMENTATION_COMMENTS = YES;
				CLANG_WARN_EMPTY_BODY = YES;
				CLANG_WARN_ENUM_CONVERSION = YES;
				CLANG_WARN_INFINITE_RECURSION = YES;
				CLANG_WARN_INT_CONVERSION = YES;
				CLANG_WARN_OBJC_ROOT_CLASS = YES_ERROR;
				CLANG_WARN_SUSPICIOUS_MOVE = YES;
				CLANG_WARN_UNREACHABLE_CODE = YES;
				CLANG_WARN__DUPLICATE_METHOD_MATCH = YES;
				"CODE_SIGN_IDENTITY[sdk=iphoneos*]" = "iPhone Developer";
				COPY_PHASE_STRIP = NO;
				DEBUG_INFORMATION_FORMAT = dwarf;
				ENABLE_STRICT_OBJC_MSGSEND = YES;
				ENABLE_TESTABILITY = YES;
				GCC_C_LANGUAGE_STANDARD = gnu99;
				GCC_DYNAMIC_NO_PIC = NO;
				GCC_NO_COMMON_BLOCKS = YES;
				GCC_OPTIMIZATION_LEVEL = 0;
				GCC_PREPROCESSOR_DEFINITIONS = (
					"DEBUG=1",
					"$(inherited)",
				);
				GCC_WARN_64_TO_32_BIT_CONVERSION = YES;
				GCC_WARN_ABOUT_RETURN_TYPE = YES_ERROR;
				GCC_WARN_UNDECLARED_SELECTOR = YES;
				GCC_WARN_UNINITIALIZED_AUTOS = YES_AGGRESSIVE;
				GCC_WARN_UNUSED_FUNCTION = YES;
				GCC_WARN_UNUSED_VARIABLE = YES;
				IPHONEOS_DEPLOYMENT_TARGET = 10.3;
				MTL_ENABLE_DEBUG_INFO = YES;
				ONLY_ACTIVE_ARCH = YES;
				SDKROOT = iphoneos;
				SWIFT_ACTIVE_COMPILATION_CONDITIONS = DEBUG;
				SWIFT_OPTIMIZATION_LEVEL = "-Onone";
				TARGETED_DEVICE_FAMILY = "1,2";
			};
			name = Debug;
		};
		BADAE0DF1F8317FD00DAB4D4 /* Release */ = {
			isa = XCBuildConfiguration;
			buildSettings = {
				ALWAYS_SEARCH_USER_PATHS = NO;
				CLANG_ANALYZER_NONNULL = YES;
				CLANG_ANALYZER_NUMBER_OBJECT_CONVERSION = YES_AGGRESSIVE;
				CLANG_CXX_LANGUAGE_STANDARD = "gnu++0x";
				CLANG_CXX_LIBRARY = "libc++";
				CLANG_ENABLE_MODULES = YES;
				CLANG_ENABLE_OBJC_ARC = YES;
				CLANG_WARN_BOOL_CONVERSION = YES;
				CLANG_WARN_CONSTANT_CONVERSION = YES;
				CLANG_WARN_DIRECT_OBJC_ISA_USAGE = YES_ERROR;
				CLANG_WARN_DOCUMENTATION_COMMENTS = YES;
				CLANG_WARN_EMPTY_BODY = YES;
				CLANG_WARN_ENUM_CONVERSION = YES;
				CLANG_WARN_INFINITE_RECURSION = YES;
				CLANG_WARN_INT_CONVERSION = YES;
				CLANG_WARN_OBJC_ROOT_CLASS = YES_ERROR;
				CLANG_WARN_SUSPICIOUS_MOVE = YES;
				CLANG_WARN_UNREACHABLE_CODE = YES;
				CLANG_WARN__DUPLICATE_METHOD_MATCH = YES;
				"CODE_SIGN_IDENTITY[sdk=iphoneos*]" = "iPhone Developer";
				COPY_PHASE_STRIP = NO;
				DEBUG_INFORMATION_FORMAT = "dwarf-with-dsym";
				ENABLE_NS_ASSERTIONS = NO;
				ENABLE_STRICT_OBJC_MSGSEND = YES;
				GCC_C_LANGUAGE_STANDARD = gnu99;
				GCC_NO_COMMON_BLOCKS = YES;
				GCC_WARN_64_TO_32_BIT_CONVERSION = YES;
				GCC_WARN_ABOUT_RETURN_TYPE = YES_ERROR;
				GCC_WARN_UNDECLARED_SELECTOR = YES;
				GCC_WARN_UNINITIALIZED_AUTOS = YES_AGGRESSIVE;
				GCC_WARN_UNUSED_FUNCTION = YES;
				GCC_WARN_UNUSED_VARIABLE = YES;
				IPHONEOS_DEPLOYMENT_TARGET = 10.3;
				MTL_ENABLE_DEBUG_INFO = NO;
				SDKROOT = iphoneos;
				SWIFT_OPTIMIZATION_LEVEL = "-Owholemodule";
				TARGETED_DEVICE_FAMILY = "1,2";
				VALIDATE_PRODUCT = YES;
			};
			name = Release;
		};
		BADAE0E11F8317FD00DAB4D4 /* Debug */ = {
			isa = XCBuildConfiguration;
			buildSettings = {
				ASSETCATALOG_COMPILER_APPICON_NAME = AppIcon;
				INFOPLIST_FILE = piano_scroll/Info.plist;
				LD_RUNPATH_SEARCH_PATHS = "$(inherited) @executable_path/Frameworks";
				PRODUCT_BUNDLE_IDENTIFIER = "com.example.piano-scroll";
				PRODUCT_NAME = "$(TARGET_NAME)";
				SWIFT_VERSION = 3.0;
			};
			name = Debug;
		};
		BADAE0E21F8317FD00DAB4D4 /* Release */ = {
			isa = XCBuildConfiguration;
			buildSettings = {
				ASSETCATALOG_COMPILER_APPICON_NAME = AppIcon;
				INFOPLIST_FILE = piano_scroll/Info.plist;
				LD_RUNPATH_SEARCH_PATHS = "$(inherited) @executable_path/Frameworks";
				PRODUCT_BUNDLE_IDENTIFIER = "com.example.piano-scroll";
				PRODUCT_NAME = "$(TARGET_NAME)";
				SWIFT_VERSION = 3.0;
			};
			name = Release;
		};
		BADAE0E41F8317FD00DAB4D4 /* Debug */ = {
			isa = XCBuildConfiguration;
			buildSettings = {
				ALWAYS_EMBED_SWIFT_STANDARD_LIBRARIES = YES;
				BUNDLE_LOADER = "$(TEST_HOST)";
				INFOPLIST_FILE = piano_scrollTests/Info.plist;
				LD_RUNPATH_SEARCH_PATHS = "$(inherited) @executable_path/Frameworks @loader_path/Frameworks";
				PRODUCT_BUNDLE_IDENTIFIER = "com.example.piano-scrollTests";
				PRODUCT_NAME = "$(TARGET_NAME)";
				SWIFT_VERSION = 3.0;
				TEST_HOST = "$(BUILT_PRODUCTS_DIR)/piano_scroll.app/piano_scroll";
			};
			name = Debug;
		};
		BADAE0E51F8317FD00DAB4D4 /* Release */ = {
			isa = XCBuildConfiguration;
			buildSettings = {
				ALWAYS_EMBED_SWIFT_STANDARD_LIBRARIES = YES;
				BUNDLE_LOADER = "$(TEST_HOST)";
				INFOPLIST_FILE = piano_scrollTests/Info.plist;
				LD_RUNPATH_SEARCH_PATHS = "$(inherited) @executable_path/Frameworks @loader_path/Frameworks";
				PRODUCT_BUNDLE_IDENTIFIER = "com.example.piano-scrollTests";
				PRODUCT_NAME = "$(TARGET_NAME)";
				SWIFT_VERSION = 3.0;
				TEST_HOST = "$(BUILT_PRODUCTS_DIR)/piano_scroll.app/piano_scroll";
			};
			name = Release;
		};
		BADAE0E71F8317FD00DAB4D4 /* Debug */ = {
			isa = XCBuildConfiguration;
			buildSettings = {
				ALWAYS_EMBED_SWIFT_STANDARD_LIBRARIES = YES;
				INFOPLIST_FILE = piano_scrollUITests/Info.plist;
				LD_RUNPATH_SEARCH_PATHS = "$(inherited) @executable_path/Frameworks @loader_path/Frameworks";
				PRODUCT_BUNDLE_IDENTIFIER = "com.example.piano-scrollUITests";
				PRODUCT_NAME = "$(TARGET_NAME)";
				SWIFT_VERSION = 3.0;
				TEST_TARGET_NAME = piano_scroll;
			};
			name = Debug;
		};
		BADAE0E81F8317FD00DAB4D4 /* Release */ = {
			isa = XCBuildConfiguration;
			buildSettings = {
				ALWAYS_EMBED_SWIFT_STANDARD_LIBRARIES = YES;
				INFOPLIST_FILE = piano_scrollUITests/Info.plist;
				LD_RUNPATH_SEARCH_PATHS = "$(inherited) @executable_path/Frameworks @loader_path/Frameworks";
				PRODUCT_BUNDLE_IDENTIFIER = "com.example.piano-scrollUITests";
				PRODUCT_NAME = "$(TARGET_NAME)";
				SWIFT_VERSION = 3.0;
				TEST_TARGET_NAME = piano_scroll;
			};
			name = Release;
		};
/* End XCBuildConfiguration section */

/* Begin XCConfigurationList section */
		BADAE0AD1F8317FC00DAB4D4 /* Build configuration list for PBXProject "piano_scroll" */ = {
			isa = XCConfigurationList;
			buildConfigurations = (
				BADAE0DE1F8317FD00DAB4D4 /* Debug */,
				BADAE0DF1F8317FD00DAB4D4 /* Release */,
			);
			defaultConfigurationIsVisible = 0;
			defaultConfigurationName = Release;
		};
		BADAE0E01F8317FD00DAB4D4 /* Build configuration list for PBXNativeTarget "piano_scroll" */ = {
			isa = XCConfigurationList;
			buildConfigurations = (
				BADAE0E11F8317FD00DAB4D4 /* Debug */,
				BADAE0E21F8317FD00DAB4D4 /* Release */,
			);
			defaultConfigurationIsVisible = 0;
			defaultConfigurationName = Release;
		};
		BADAE0E31F8317FD00DAB4D4 /* Build configuration list for PBXNativeTarget "piano_scrollTests" */ = {
			isa = XCConfigurationList;
			buildConfigurations = (
				BADAE0E41F8317FD00DAB4D4 /* Debug */,
				BADAE0E51F8317FD00DAB4D4 /* Release */,
			);
			defaultConfigurationIsVisible = 0;
			defaultConfigurationName = Release;
		};
		BADAE0E61F8317FD00DAB4D4 /* Build configuration list for PBXNativeTarget "piano_scrollUITests" */ = {
			isa = XCConfigurationList;
			buildConfigurations = (
				BADAE0E71F8317FD00DAB4D4 /* Debug */,
				BADAE0E81F8317FD00DAB4D4 /* Release */,
			);
			defaultConfigurationIsVisible = 0;
			defaultConfigurationName = Release;
		};
/* End XCConfigurationList section */
	};
	rootObject = BADAE0AA1F8317FC00DAB4D4 /* Project object */;
}
